
Microsoft Visual Studio Solution File, Format Version 12.00
# Visual Studio 14
VisualStudioVersion = 14.0.25420.1
MinimumVisualStudioVersion = 10.0.40219.1
Project("{2150E333-8FDC-42A3-9474-1A3956D46DE8}") = "2.Project_Application", "2.Project_Application", "{13D67CF0-87AB-402B-86E8-5385F8A2A66C}"
EndProject
Project("{FAE04EC0-301F-11D3-BF4B-00C04F79EFBC}") = "dom", "dom\dom.csproj", "{DB8E5C63-174B-4F16-A331-F0674510E8B5}"
EndProject
Project("{2150E333-8FDC-42A3-9474-1A3956D46DE8}") = "1.Project_Infrastructure", "1.Project_Infrastructure", "{07FEAFA6-F545-4905-B9D1-6D5267508681}"
EndProject
Project("{FAE04EC0-301F-11D3-BF4B-00C04F79EFBC}") = "Domain", "Domain\Domain.csproj", "{8460A631-8EB8-499A-9B1C-C7CF66E0F2FE}"
EndProject
Project("{FAE04EC0-301F-11D3-BF4B-00C04F79EFBC}") = "Repositories", "Repositories\Repositories.csproj", "{A2E6DFBF-254E-48FC-BBD2-4EBCAC816326}"
EndProject
Project("{FAE04EC0-301F-11D3-BF4B-00C04F79EFBC}") = "Services", "Services\Services.csproj", "{FB409F57-9C62-4294-AD97-82EB45EDF41F}"
EndProject
Project("{FAE04EC0-301F-11D3-BF4B-00C04F79EFBC}") = "Dba", "Dba\Dba.csproj", "{154A1A52-5BE6-4A10-9E69-4D78A01E9AC7}"
EndProject
Project("{FAE04EC0-301F-11D3-BF4B-00C04F79EFBC}") = "TOOL", "TOOL\TOOL.csproj", "{16B596E3-C117-4C39-8A09-7AF41DFA7868}"
EndProject
Project("{FAE04EC0-301F-11D3-BF4B-00C04F79EFBC}") = "Infrastructure", "Infrastructure\Infrastructure.csproj", "{EECC6598-636D-4014-B5C4-0E979BFE1562}"
EndProject
Project("{FAE04EC0-301F-11D3-BF4B-00C04F79EFBC}") = "LogManager", "LogManager\LogManager.csproj", "{25F726DF-D9E2-4455-8923-10736BCEE355}"
EndProject
Project("{FAE04EC0-301F-11D3-BF4B-00C04F79EFBC}") = "TestAbstract", "TestAbstract\TestAbstract.csproj", "{0E3B1FBD-E3E1-4BB9-9527-FBEF3A02C6F1}"
EndProject
Project("{FAE04EC0-301F-11D3-BF4B-00C04F79EFBC}") = "Factory", "Factory\Factory.csproj", "{DE9F5551-1630-47B8-9B4B-BB314BCC52FE}"
EndProject
Project("{FAE04EC0-301F-11D3-BF4B-00C04F79EFBC}") = "PhoneAbstract", "PhoneAbstract\PhoneAbstract.csproj", "{01577314-A6DA-4452-A0F0-718441B92FE8}"
EndProject
Global
	GlobalSection(SolutionConfigurationPlatforms) = preSolution
		Debug|Any CPU = Debug|Any CPU
		Release|Any CPU = Release|Any CPU
	EndGlobalSection
	GlobalSection(ProjectConfigurationPlatforms) = postSolution
		{DB8E5C63-174B-4F16-A331-F0674510E8B5}.Debug|Any CPU.ActiveCfg = Debug|Any CPU
		{DB8E5C63-174B-4F16-A331-F0674510E8B5}.Debug|Any CPU.Build.0 = Debug|Any CPU
		{DB8E5C63-174B-4F16-A331-F0674510E8B5}.Release|Any CPU.ActiveCfg = Release|Any CPU
		{DB8E5C63-174B-4F16-A331-F0674510E8B5}.Release|Any CPU.Build.0 = Release|Any CPU
		{8460A631-8EB8-499A-9B1C-C7CF66E0F2FE}.Debug|Any CPU.ActiveCfg = Debug|Any CPU
		{8460A631-8EB8-499A-9B1C-C7CF66E0F2FE}.Debug|Any CPU.Build.0 = Debug|Any CPU
		{8460A631-8EB8-499A-9B1C-C7CF66E0F2FE}.Release|Any CPU.ActiveCfg = Release|Any CPU
		{8460A631-8EB8-499A-9B1C-C7CF66E0F2FE}.Release|Any CPU.Build.0 = Release|Any CPU
		{A2E6DFBF-254E-48FC-BBD2-4EBCAC816326}.Debug|Any CPU.ActiveCfg = Debug|Any CPU
		{A2E6DFBF-254E-48FC-BBD2-4EBCAC816326}.Debug|Any CPU.Build.0 = Debug|Any CPU
		{A2E6DFBF-254E-48FC-BBD2-4EBCAC816326}.Release|Any CPU.ActiveCfg = Release|Any CPU
		{A2E6DFBF-254E-48FC-BBD2-4EBCAC816326}.Release|Any CPU.Build.0 = Release|Any CPU
		{FB409F57-9C62-4294-AD97-82EB45EDF41F}.Debug|Any CPU.ActiveCfg = Debug|Any CPU
		{FB409F57-9C62-4294-AD97-82EB45EDF41F}.Debug|Any CPU.Build.0 = Debug|Any CPU
		{FB409F57-9C62-4294-AD97-82EB45EDF41F}.Release|Any CPU.ActiveCfg = Release|Any CPU
		{FB409F57-9C62-4294-AD97-82EB45EDF41F}.Release|Any CPU.Build.0 = Release|Any CPU
		{154A1A52-5BE6-4A10-9E69-4D78A01E9AC7}.Debug|Any CPU.ActiveCfg = Debug|Any CPU
		{154A1A52-5BE6-4A10-9E69-4D78A01E9AC7}.Debug|Any CPU.Build.0 = Debug|Any CPU
		{154A1A52-5BE6-4A10-9E69-4D78A01E9AC7}.Release|Any CPU.ActiveCfg = Release|Any CPU
		{154A1A52-5BE6-4A10-9E69-4D78A01E9AC7}.Release|Any CPU.Build.0 = Release|Any CPU
		{16B596E3-C117-4C39-8A09-7AF41DFA7868}.Debug|Any CPU.ActiveCfg = Debug|Any CPU
		{16B596E3-C117-4C39-8A09-7AF41DFA7868}.Debug|Any CPU.Build.0 = Debug|Any CPU
		{16B596E3-C117-4C39-8A09-7AF41DFA7868}.Release|Any CPU.ActiveCfg = Release|Any CPU
		{16B596E3-C117-4C39-8A09-7AF41DFA7868}.Release|Any CPU.Build.0 = Release|Any CPU
		{EECC6598-636D-4014-B5C4-0E979BFE1562}.Debug|Any CPU.ActiveCfg = Debug|Any CPU
		{EECC6598-636D-4014-B5C4-0E979BFE1562}.Debug|Any CPU.Build.0 = Debug|Any CPU
		{EECC6598-636D-4014-B5C4-0E979BFE1562}.Release|Any CPU.ActiveCfg = Release|Any CPU
		{EECC6598-636D-4014-B5C4-0E979BFE1562}.Release|Any CPU.Build.0 = Release|Any CPU
		{25F726DF-D9E2-4455-8923-10736BCEE355}.Debug|Any CPU.ActiveCfg = Debug|Any CPU
		{25F726DF-D9E2-4455-8923-10736BCEE355}.Debug|Any CPU.Build.0 = Debug|Any CPU
		{25F726DF-D9E2-4455-8923-10736BCEE355}.Release|Any CPU.ActiveCfg = Release|Any CPU
		{25F726DF-D9E2-4455-8923-10736BCEE355}.Release|Any CPU.Build.0 = Release|Any CPU
		{0E3B1FBD-E3E1-4BB9-9527-FBEF3A02C6F1}.Debug|Any CPU.ActiveCfg = Debug|Any CPU
		{0E3B1FBD-E3E1-4BB9-9527-FBEF3A02C6F1}.Debug|Any CPU.Build.0 = Debug|Any CPU
		{0E3B1FBD-E3E1-4BB9-9527-FBEF3A02C6F1}.Release|Any CPU.ActiveCfg = Release|Any CPU
		{0E3B1FBD-E3E1-4BB9-9527-FBEF3A02C6F1}.Release|Any CPU.Build.0 = Release|Any CPU
		{DE9F5551-1630-47B8-9B4B-BB314BCC52FE}.Debug|Any CPU.ActiveCfg = Debug|Any CPU
		{DE9F5551-1630-47B8-9B4B-BB314BCC52FE}.Debug|Any CPU.Build.0 = Debug|Any CPU
		{DE9F5551-1630-47B8-9B4B-BB314BCC52FE}.Release|Any CPU.ActiveCfg = Release|Any CPU
		{DE9F5551-1630-47B8-9B4B-BB314BCC52FE}.Release|Any CPU.Build.0 = Release|Any CPU
		{01577314-A6DA-4452-A0F0-718441B92FE8}.Debug|Any CPU.ActiveCfg = Debug|Any CPU
		{01577314-A6DA-4452-A0F0-718441B92FE8}.Debug|Any CPU.Build.0 = Debug|Any CPU
		{01577314-A6DA-4452-A0F0-718441B92FE8}.Release|Any CPU.ActiveCfg = Release|Any CPU
		{01577314-A6DA-4452-A0F0-718441B92FE8}.Release|Any CPU.Build.0 = Release|Any CPU
	EndGlobalSection
	GlobalSection(SolutionProperties) = preSolution
		HideSolutionNode = FALSE
	EndGlobalSection
	GlobalSection(NestedProjects) = preSolution
		{DB8E5C63-174B-4F16-A331-F0674510E8B5} = {13D67CF0-87AB-402B-86E8-5385F8A2A66C}
		{8460A631-8EB8-499A-9B1C-C7CF66E0F2FE} = {07FEAFA6-F545-4905-B9D1-6D5267508681}
		{A2E6DFBF-254E-48FC-BBD2-4EBCAC816326} = {07FEAFA6-F545-4905-B9D1-6D5267508681}
		{FB409F57-9C62-4294-AD97-82EB45EDF41F} = {07FEAFA6-F545-4905-B9D1-6D5267508681}
		{154A1A52-5BE6-4A10-9E69-4D78A01E9AC7} = {07FEAFA6-F545-4905-B9D1-6D5267508681}
		{16B596E3-C117-4C39-8A09-7AF41DFA7868} = {07FEAFA6-F545-4905-B9D1-6D5267508681}
		{EECC6598-636D-4014-B5C4-0E979BFE1562} = {07FEAFA6-F545-4905-B9D1-6D5267508681}
		{25F726DF-D9E2-4455-8923-10736BCEE355} = {07FEAFA6-F545-4905-B9D1-6D5267508681}
		{0E3B1FBD-E3E1-4BB9-9527-FBEF3A02C6F1} = {07FEAFA6-F545-4905-B9D1-6D5267508681}
		{DE9F5551-1630-47B8-9B4B-BB314BCC52FE} = {07FEAFA6-F545-4905-B9D1-6D5267508681}
		{01577314-A6DA-4452-A0F0-718441B92FE8} = {07FEAFA6-F545-4905-B9D1-6D5267508681}
	EndGlobalSection
EndGlobal
